
Microsoft Visual Studio Solution File, Format Version 12.00
# Visual Studio Version 17
VisualStudioVersion = 17.5.33530.505
MinimumVisualStudioVersion = 10.0.40219.1
Project("{FAE04EC0-301F-11D3-BF4B-00C04F79EFBC}") = "05_ResumeFabricCapacity", "05_ResumeFabricCapacity.csproj", "{AF057D86-8FDA-4992-A4B4-ACA88D826DF6}"
EndProject
Global
	GlobalSection(SolutionConfigurationPlatforms) = preSolution
		Debug|Any CPU = Debug|Any CPU
		Release|Any CPU = Release|Any CPU
	EndGlobalSection
	GlobalSection(ProjectConfigurationPlatforms) = postSolution
		{AF057D86-8FDA-4992-A4B4-ACA88D826DF6}.Debug|Any CPU.ActiveCfg = Debug|Any CPU
		{AF057D86-8FDA-4992-A4B4-ACA88D826DF6}.Debug|Any CPU.Build.0 = Debug|Any CPU
		{AF057D86-8FDA-4992-A4B4-ACA88D826DF6}.Release|Any CPU.ActiveCfg = Release|Any CPU
		{AF057D86-8FDA-4992-A4B4-ACA88D826DF6}.Release|Any CPU.Build.0 = Release|Any CPU
	EndGlobalSection
	GlobalSection(SolutionProperties) = preSolution
		HideSolutionNode = FALSE
	EndGlobalSection
	GlobalSection(ExtensibilityGlobals) = postSolution
		SolutionGuid = {308B5C12-11EE-4592-A42F-AF36BD8F40FB}
	EndGlobalSection
EndGlobal
