
Microsoft Visual Studio Solution File, Format Version 12.00
# Visual Studio Version 17
VisualStudioVersion = 17.5.33530.505
MinimumVisualStudioVersion = 10.0.40219.1
Project("{FAE04EC0-301F-11D3-BF4B-00C04F79EFBC}") = "04_PauseFabricCapacity", "04_PauseFabricCapacity.csproj", "{331E394A-B993-4EB6-BCA1-AABFBA4C6346}"
EndProject
Global
	GlobalSection(SolutionConfigurationPlatforms) = preSolution
		Debug|Any CPU = Debug|Any CPU
		Release|Any CPU = Release|Any CPU
	EndGlobalSection
	GlobalSection(ProjectConfigurationPlatforms) = postSolution
		{331E394A-B993-4EB6-BCA1-AABFBA4C6346}.Debug|Any CPU.ActiveCfg = Debug|Any CPU
		{331E394A-B993-4EB6-BCA1-AABFBA4C6346}.Debug|Any CPU.Build.0 = Debug|Any CPU
		{331E394A-B993-4EB6-BCA1-AABFBA4C6346}.Release|Any CPU.ActiveCfg = Release|Any CPU
		{331E394A-B993-4EB6-BCA1-AABFBA4C6346}.Release|Any CPU.Build.0 = Release|Any CPU
	EndGlobalSection
	GlobalSection(SolutionProperties) = preSolution
		HideSolutionNode = FALSE
	EndGlobalSection
	GlobalSection(ExtensibilityGlobals) = postSolution
		SolutionGuid = {54BBEC92-7911-40EA-9FD4-34FA61B6445F}
	EndGlobalSection
EndGlobal
