
Microsoft Visual Studio Solution File, Format Version 12.00
# Visual Studio Version 17
VisualStudioVersion = 17.5.33530.505
MinimumVisualStudioVersion = 10.0.40219.1
Project("{FAE04EC0-301F-11D3-BF4B-00C04F79EFBC}") = "03_CopyBlobOneLake", "03_CopyBlobOneLake.csproj", "{76F21D78-CAF3-4D5C-9DF1-A491F608F0BD}"
EndProject
Global
	GlobalSection(SolutionConfigurationPlatforms) = preSolution
		Debug|Any CPU = Debug|Any CPU
		Release|Any CPU = Release|Any CPU
	EndGlobalSection
	GlobalSection(ProjectConfigurationPlatforms) = postSolution
		{76F21D78-CAF3-4D5C-9DF1-A491F608F0BD}.Debug|Any CPU.ActiveCfg = Debug|Any CPU
		{76F21D78-CAF3-4D5C-9DF1-A491F608F0BD}.Debug|Any CPU.Build.0 = Debug|Any CPU
		{76F21D78-CAF3-4D5C-9DF1-A491F608F0BD}.Release|Any CPU.ActiveCfg = Release|Any CPU
		{76F21D78-CAF3-4D5C-9DF1-A491F608F0BD}.Release|Any CPU.Build.0 = Release|Any CPU
	EndGlobalSection
	GlobalSection(SolutionProperties) = preSolution
		HideSolutionNode = FALSE
	EndGlobalSection
	GlobalSection(ExtensibilityGlobals) = postSolution
		SolutionGuid = {E447DE45-BEDF-4BC9-BD1A-5195647EAFC6}
	EndGlobalSection
EndGlobal
